
Microsoft Visual Studio Solution File, Format Version 12.00
# Visual Studio Version 17
VisualStudioVersion = 17.11.35327.3
MinimumVisualStudioVersion = 10.0.40219.1
Project("{FAE04EC0-301F-11D3-BF4B-00C04F79EFBC}") = "WinFormsAppCsh-net", "WinFormsAppCsh-net\WinFormsAppCsh-net.csproj", "{F104712A-C167-4121-A608-C61F02D40FE4}"
EndProject
Global
	GlobalSection(SolutionConfigurationPlatforms) = preSolution
		Debug|Any CPU = Debug|Any CPU
		Release|Any CPU = Release|Any CPU
	EndGlobalSection
	GlobalSection(ProjectConfigurationPlatforms) = postSolution
		{F104712A-C167-4121-A608-C61F02D40FE4}.Debug|Any CPU.ActiveCfg = Debug|Any CPU
		{F104712A-C167-4121-A608-C61F02D40FE4}.Debug|Any CPU.Build.0 = Debug|Any CPU
		{F104712A-C167-4121-A608-C61F02D40FE4}.Release|Any CPU.ActiveCfg = Release|Any CPU
		{F104712A-C167-4121-A608-C61F02D40FE4}.Release|Any CPU.Build.0 = Release|Any CPU
	EndGlobalSection
	GlobalSection(SolutionProperties) = preSolution
		HideSolutionNode = FALSE
	EndGlobalSection
	GlobalSection(ExtensibilityGlobals) = postSolution
		SolutionGuid = {F3050CCB-75F5-49E5-AA63-0CD0C47516B4}
	EndGlobalSection
EndGlobal
